# This file is autogenerated, do not edit; changes may be undone by the next 'dep ensure'.


[[projects]]
  digest = "1:6fd3f42c44fba6018a485915bab3300307a9728f845f9d13568067443c522f2f"
  name = "github.com/miekg/dns"
  packages = [
    ".",
    "dnsutil",
  ]
  pruneopts = "UT"
  revision = "915ca3d5ffd945235828a097c917311a9d86ebb4"
  version = "v1.0.14"

[[projects]]
  digest = "1:5b3b29ce0e569f62935d9541dff2e16cc09df981ebde48e82259076a73a3d0c7"
  name = "github.com/op/go-logging"
  packages = ["."]
  pruneopts = "UT"
  revision = "b2cb9fa56473e98db8caba80237377e83fe44db5"
  version = "v1"

[[projects]]
  branch = "master"
  digest = "1:4cef99d2c7df303ee8822fa28413cab327d47e06fcd786f19354bf757d9918ca"
  name = "github.com/songgao/water"
  packages = ["."]
  pruneopts = "UT"
  revision = "bf1a5d02778fcf40c282de352a53b1fe1f5b9f96"

[[projects]]
  branch = "master"
  digest = "1:64667e4b5522d3a271b2b8ce5cad06c1f81ebaf8846aa1090e17c28e56175495"
  name = "github.com/xjdrew/proxy"
  packages = ["."]
  pruneopts = "UT"
  revision = "8dc366a07e339bcab21f532315f46d3dc1878b35"

[[projects]]
  branch = "master"
  digest = "1:d5891c5bca9c62e5d394ca26491d2b710a1dc08cedeb0ca8f9ac4c3305120b02"
  name = "golang.org/x/crypto"
  packages = [
    "ed25519",
    "ed25519/internal/edwards25519",
  ]
  pruneopts = "UT"
  revision = "0c41d7ab0a0ee717d4590a44bcb987dfd9e183eb"

[[projects]]
  branch = "master"
  digest = "1:40a3cfcb660b2f6354f669eb8cbea46b5a308b42f349782147301ab66fb57184"
  name = "golang.org/x/net"
  packages = [
    "bpf",
    "internal/iana",
    "internal/socket",
    "ipv4",
    "ipv6",
  ]
  pruneopts = "UT"
  revision = "9b4f9f5ad5197c79fd623a3638e70d8b26cef344"

[[projects]]
  branch = "master"
  digest = "1:ebdb9ae52731cb63cd3e2feb970c0fbc333a691f6e0b2655c100a6d4814b81b1"
  name = "golang.org/x/sys"
  packages = [
    "unix",
    "windows",
    "windows/registry",
  ]
  pruneopts = "UT"
  revision = "44b849a8bc13eb42e95e6c6c5e360481b73ec710"

[[projects]]
  digest = "1:38cb4759428493e0b02eade2f8d2920eb55a8fb35acb45de3247f0fbeab81b78"
  name = "gopkg.in/gcfg.v1"
  packages = [
    ".",
    "scanner",
    "token",
    "types",
  ]
  pruneopts = "UT"
  revision = "61b2c08bc8f6068f7c5ca684372f9a6cb1c45ebe"
  version = "v1.2.3"

[[projects]]
  digest = "1:78d374b493e747afa9fbb2119687e3740a7fb8d0ebabddfef0a012593aaecbb3"
  name = "gopkg.in/warnings.v0"
  packages = ["."]
  pruneopts = "UT"
  revision = "ec4a0fea49c7b46c2aeb0b51aac55779c607e52b"
  version = "v0.1.2"

[solve-meta]
  analyzer-name = "dep"
  analyzer-version = 1
  input-imports = [
    "github.com/miekg/dns",
    "github.com/miekg/dns/dnsutil",
    "github.com/op/go-logging",
    "github.com/songgao/water",
    "github.com/xjdrew/proxy",
    "gopkg.in/gcfg.v1",
  ]
  solver-name = "gps-cdcl"
  solver-version = 1
